
Microsoft Visual Studio Solution File, Format Version 12.00
# Visual Studio Version 16
VisualStudioVersion = 16.0.30114.105
MinimumVisualStudioVersion = 10.0.40219.1
Project("{FAE04EC0-301F-11D3-BF4B-00C04F79EFBC}") = "TASK 01", "TASK 01\TASK 01.csproj", "{3F7030D4-A98C-4D03-BABB-B979BEF9F50A}"
EndProject
Project("{FAE04EC0-301F-11D3-BF4B-00C04F79EFBC}") = "TASK 02", "TASK 02\TASK 02.csproj", "{BF859BC9-27CF-4B80-A347-9BE9E6C7CACE}"
EndProject
Project("{FAE04EC0-301F-11D3-BF4B-00C04F79EFBC}") = "TASK 03", "TASK 03\TASK 03.csproj", "{5B31AA48-8C65-459C-B937-CC36E764993D}"
EndProject
Global
	GlobalSection(SolutionConfigurationPlatforms) = preSolution
		Debug|Any CPU = Debug|Any CPU
		Release|Any CPU = Release|Any CPU
	EndGlobalSection
	GlobalSection(ProjectConfigurationPlatforms) = postSolution
		{3F7030D4-A98C-4D03-BABB-B979BEF9F50A}.Debug|Any CPU.ActiveCfg = Debug|Any CPU
		{3F7030D4-A98C-4D03-BABB-B979BEF9F50A}.Debug|Any CPU.Build.0 = Debug|Any CPU
		{3F7030D4-A98C-4D03-BABB-B979BEF9F50A}.Release|Any CPU.ActiveCfg = Release|Any CPU
		{3F7030D4-A98C-4D03-BABB-B979BEF9F50A}.Release|Any CPU.Build.0 = Release|Any CPU
		{BF859BC9-27CF-4B80-A347-9BE9E6C7CACE}.Debug|Any CPU.ActiveCfg = Debug|Any CPU
		{BF859BC9-27CF-4B80-A347-9BE9E6C7CACE}.Debug|Any CPU.Build.0 = Debug|Any CPU
		{BF859BC9-27CF-4B80-A347-9BE9E6C7CACE}.Release|Any CPU.ActiveCfg = Release|Any CPU
		{BF859BC9-27CF-4B80-A347-9BE9E6C7CACE}.Release|Any CPU.Build.0 = Release|Any CPU
		{5B31AA48-8C65-459C-B937-CC36E764993D}.Debug|Any CPU.ActiveCfg = Debug|Any CPU
		{5B31AA48-8C65-459C-B937-CC36E764993D}.Debug|Any CPU.Build.0 = Debug|Any CPU
		{5B31AA48-8C65-459C-B937-CC36E764993D}.Release|Any CPU.ActiveCfg = Release|Any CPU
		{5B31AA48-8C65-459C-B937-CC36E764993D}.Release|Any CPU.Build.0 = Release|Any CPU
	EndGlobalSection
	GlobalSection(SolutionProperties) = preSolution
		HideSolutionNode = FALSE
	EndGlobalSection
	GlobalSection(ExtensibilityGlobals) = postSolution
		SolutionGuid = {B606E2D6-E408-4B93-8158-28E4A65FE6D5}
	EndGlobalSection
EndGlobal
