
Microsoft Visual Studio Solution File, Format Version 12.00
# Visual Studio Version 16
VisualStudioVersion = 16.0.29926.136
MinimumVisualStudioVersion = 10.0.40219.1
Project("{FAE04EC0-301F-11D3-BF4B-00C04F79EFBC}") = "TASK_01", "TASK_01\TASK_01.csproj", "{96568039-E285-4C53-A08D-C9DEA151503B}"
EndProject
Project("{FAE04EC0-301F-11D3-BF4B-00C04F79EFBC}") = "TASK_02", "TASK_02\TASK_02.csproj", "{11272FC4-E63E-4389-B153-F4746629ACCF}"
EndProject
Global
	GlobalSection(SolutionConfigurationPlatforms) = preSolution
		Debug|Any CPU = Debug|Any CPU
		Release|Any CPU = Release|Any CPU
	EndGlobalSection
	GlobalSection(ProjectConfigurationPlatforms) = postSolution
		{96568039-E285-4C53-A08D-C9DEA151503B}.Debug|Any CPU.ActiveCfg = Debug|Any CPU
		{96568039-E285-4C53-A08D-C9DEA151503B}.Debug|Any CPU.Build.0 = Debug|Any CPU
		{96568039-E285-4C53-A08D-C9DEA151503B}.Release|Any CPU.ActiveCfg = Release|Any CPU
		{96568039-E285-4C53-A08D-C9DEA151503B}.Release|Any CPU.Build.0 = Release|Any CPU
		{11272FC4-E63E-4389-B153-F4746629ACCF}.Debug|Any CPU.ActiveCfg = Debug|Any CPU
		{11272FC4-E63E-4389-B153-F4746629ACCF}.Debug|Any CPU.Build.0 = Debug|Any CPU
		{11272FC4-E63E-4389-B153-F4746629ACCF}.Release|Any CPU.ActiveCfg = Release|Any CPU
		{11272FC4-E63E-4389-B153-F4746629ACCF}.Release|Any CPU.Build.0 = Release|Any CPU
	EndGlobalSection
	GlobalSection(SolutionProperties) = preSolution
		HideSolutionNode = FALSE
	EndGlobalSection
	GlobalSection(ExtensibilityGlobals) = postSolution
		SolutionGuid = {6D98B111-2C40-43DA-9D41-4C2BB0FD4FE7}
	EndGlobalSection
EndGlobal
